{
  "name": "@hazae41/modal",
  "version": "2.1.6",
  "lockfileVersion": 3,
  "requires": true,
  "packages": {
    "": {
      "name": "@hazae41/modal",
      "version": "2.1.6",
      "license": "MIT",
      "devDependencies": {
        "@hazae41/phobos": "^2.0.16",
        "@hazae41/tscousin": "^1.0.28",
        "@types/react": "^19.2.15",
        "@types/react-dom": "^19.2.3",
        "typescript": "^6.0.3"
      },
      "peerDependencies": {
        "@hazae41/chemin": "^2.1.6",
        "@hazae41/react-close-context": ">=1.0.3",
        "react": ">=19.2.6",
        "react-dom": ">=19.2.6"
      }
    },
    "node_modules/@hazae41/chemin": {
      "version": "2.1.6",
      "resolved": "https://registry.npmjs.org/@hazae41/chemin/-/chemin-2.1.6.tgz",
      "integrity": "sha512-8cVzqQ12K+1eUrGlXA61JF0b1TNV3ZFeMgRWMqYD60GLRb+iAdWKO2i+BqR1HhPqC+/92KDuSisJV0FuxdYNCg==",
      "license": "MIT",
      "peer": true,
      "dependencies": {
        "@hazae41/result-and-option": "^2.0.10"
      },
      "peerDependencies": {
        "@hazae41/react-close-context": ">=1.0.3",
        "react": ">=19.2.3"
      }
    },
    "node_modules/@hazae41/phobos": {
      "version": "2.0.16",
      "resolved": "https://registry.npmjs.org/@hazae41/phobos/-/phobos-2.0.16.tgz",
      "integrity": "sha512-XP1KGvTY9dNWIz0EG91BdgBXXZXG/AF5f9LP57FbyF1ut3QjDe18+QLhScrA1RmuX/CEYrmp60jD160zZTPZaw==",
      "dev": true
    },
    "node_modules/@hazae41/react-close-context": {
      "version": "1.0.3",
      "resolved": "https://registry.npmjs.org/@hazae41/react-close-context/-/react-close-context-1.0.3.tgz",
      "integrity": "sha512-f5L4+dcXKGJbUQ9mXiTwMW/r22Vtm1IUniDMzYDJHTLA7F16v5xR4X5oN/fyfvAc2IbvhUdGgYPSYu2RUco8xw==",
      "license": "MIT",
      "peer": true,
      "dependencies": {
        "@hazae41/result-and-option": "^2.0.10"
      },
      "peerDependencies": {
        "react": ">=19.2.3"
      }
    },
    "node_modules/@hazae41/result-and-option": {
      "version": "2.0.10",
      "resolved": "https://registry.npmjs.org/@hazae41/result-and-option/-/result-and-option-2.0.10.tgz",
      "integrity": "sha512-Msf15N4OBCSsAxdonghJmbwERQqgc0ZWVPi1yE+oI8maC1FBFacQrym+xNF+lnXXgaTheLAUnx3B8yCA5Z1EWw==",
      "peer": true
    },
    "node_modules/@hazae41/tscousin": {
      "version": "1.0.28",
      "resolved": "https://registry.npmjs.org/@hazae41/tscousin/-/tscousin-1.0.28.tgz",
      "integrity": "sha512-Wrg/66m0hLexrifpzJ5a/D7Jzb7FhLzBWrCFAgjZa+DIU8prA5rX4MwD5K34UZ6jsYBRZsYwNeVEYRqOIJHOEQ==",
      "dev": true,
      "bin": {
        "tscousin": "out/bin.js"
      }
    },
    "node_modules/@types/react": {
      "version": "19.2.15",
      "resolved": "https://registry.npmjs.org/@types/react/-/react-19.2.15.tgz",
      "integrity": "sha512-eRwcGNHve+E8qtEQSSRl6urh+rFop4v8gm6O8rGv25CodbvFdLjA1vVQ1KkiFE0w0UPOnb8tDiFKL5lp0rtY5Q==",
      "dev": true,
      "license": "MIT",
      "dependencies": {
        "csstype": "^3.2.2"
      }
    },
    "node_modules/@types/react-dom": {
      "version": "19.2.3",
      "resolved": "https://registry.npmjs.org/@types/react-dom/-/react-dom-19.2.3.tgz",
      "integrity": "sha512-jp2L/eY6fn+KgVVQAOqYItbF0VY/YApe5Mz2F0aykSO8gx31bYCZyvSeYxCHKvzHG5eZjc+zyaS5BrBWya2+kQ==",
      "dev": true,
      "license": "MIT",
      "peerDependencies": {
        "@types/react": "^19.2.0"
      }
    },
    "node_modules/csstype": {
      "version": "3.2.3",
      "resolved": "https://registry.npmjs.org/csstype/-/csstype-3.2.3.tgz",
      "integrity": "sha512-z1HGKcYy2xA8AGQfwrn0PAy+PB7X/GSj3UVJW9qKyn43xWa+gl5nXmU4qqLMRzWVLFC8KusUX8T/0kCiOYpAIQ==",
      "dev": true,
      "license": "MIT"
    },
    "node_modules/react": {
      "version": "19.2.6",
      "resolved": "https://registry.npmjs.org/react/-/react-19.2.6.tgz",
      "integrity": "sha512-sfWGGfavi0xr8Pg0sVsyHMAOziVYKgPLNrS7ig+ivMNb3wbCBw3KxtflsGBAwD3gYQlE/AEZsTLgToRrSCjb0Q==",
      "license": "MIT",
      "peer": true,
      "engines": {
        "node": ">=0.10.0"
      }
    },
    "node_modules/react-dom": {
      "version": "19.2.6",
      "resolved": "https://registry.npmjs.org/react-dom/-/react-dom-19.2.6.tgz",
      "integrity": "sha512-0prMI+hvBbPjsWnxDLxlCGyM8PN6UuWjEUCYmZhO67xIV9Xasa/r/vDnq+Xyq4Lo27g8QSbO5YzARu0D1Sps3g==",
      "license": "MIT",
      "peer": true,
      "dependencies": {
        "scheduler": "^0.27.0"
      },
      "peerDependencies": {
        "react": "^19.2.6"
      }
    },
    "node_modules/scheduler": {
      "version": "0.27.0",
      "resolved": "https://registry.npmjs.org/scheduler/-/scheduler-0.27.0.tgz",
      "integrity": "sha512-eNv+WrVbKu1f3vbYJT/xtiF5syA5HPIMtf9IgY/nKg0sWqzAUEvqY/xm7OcZc/qafLx/iO9FgOmeSAp4v5ti/Q==",
      "license": "MIT",
      "peer": true
    },
    "node_modules/typescript": {
      "version": "6.0.3",
      "resolved": "https://registry.npmjs.org/typescript/-/typescript-6.0.3.tgz",
      "integrity": "sha512-y2TvuxSZPDyQakkFRPZHKFm+KKVqIisdg9/CZwm9ftvKXLP8NRWj38/ODjNbr43SsoXqNuAisEf1GdCxqWcdBw==",
      "dev": true,
      "license": "Apache-2.0",
      "bin": {
        "tsc": "bin/tsc",
        "tsserver": "bin/tsserver"
      },
      "engines": {
        "node": ">=14.17"
      }
    }
  }
}
